
Microsoft Visual Studio Solution File, Format Version 12.00
# Visual Studio Version 17
VisualStudioVersion = 17.11.35312.102
MinimumVisualStudioVersion = 10.0.40219.1
Project("{9A19103F-16F7-4668-BE54-9A1E7A4F7556}") = "BookstoreApp", "BookstoreApp\BookstoreApp.csproj", "{87D78A16-CB25-428A-ACC4-F29CF97F70D7}"
EndProject
Project("{9A19103F-16F7-4668-BE54-9A1E7A4F7556}") = "BookstoreApp.Core", "BookstoreApp.Core\BookstoreApp.Core.csproj", "{1C2A1525-D10F-447D-8C6F-B014730F05C7}"
EndProject
Project("{9A19103F-16F7-4668-BE54-9A1E7A4F7556}") = "BookstoreApp.Infrastructure", "BookstoreApp.Infrastructure\BookstoreApp.Infrastructure.csproj", "{B0F9C3EC-A3D7-480C-B366-6F74FFDDB347}"
EndProject
Global
	GlobalSection(SolutionConfigurationPlatforms) = preSolution
		Debug|Any CPU = Debug|Any CPU
		Release|Any CPU = Release|Any CPU
	EndGlobalSection
	GlobalSection(ProjectConfigurationPlatforms) = postSolution
		{87D78A16-CB25-428A-ACC4-F29CF97F70D7}.Debug|Any CPU.ActiveCfg = Debug|Any CPU
		{87D78A16-CB25-428A-ACC4-F29CF97F70D7}.Debug|Any CPU.Build.0 = Debug|Any CPU
		{87D78A16-CB25-428A-ACC4-F29CF97F70D7}.Release|Any CPU.ActiveCfg = Release|Any CPU
		{87D78A16-CB25-428A-ACC4-F29CF97F70D7}.Release|Any CPU.Build.0 = Release|Any CPU
		{1C2A1525-D10F-447D-8C6F-B014730F05C7}.Debug|Any CPU.ActiveCfg = Debug|Any CPU
		{1C2A1525-D10F-447D-8C6F-B014730F05C7}.Debug|Any CPU.Build.0 = Debug|Any CPU
		{1C2A1525-D10F-447D-8C6F-B014730F05C7}.Release|Any CPU.ActiveCfg = Release|Any CPU
		{1C2A1525-D10F-447D-8C6F-B014730F05C7}.Release|Any CPU.Build.0 = Release|Any CPU
		{B0F9C3EC-A3D7-480C-B366-6F74FFDDB347}.Debug|Any CPU.ActiveCfg = Debug|Any CPU
		{B0F9C3EC-A3D7-480C-B366-6F74FFDDB347}.Debug|Any CPU.Build.0 = Debug|Any CPU
		{B0F9C3EC-A3D7-480C-B366-6F74FFDDB347}.Release|Any CPU.ActiveCfg = Release|Any CPU
		{B0F9C3EC-A3D7-480C-B366-6F74FFDDB347}.Release|Any CPU.Build.0 = Release|Any CPU
	EndGlobalSection
	GlobalSection(SolutionProperties) = preSolution
		HideSolutionNode = FALSE
	EndGlobalSection
	GlobalSection(ExtensibilityGlobals) = postSolution
		SolutionGuid = {70A7EB27-0F77-4EC1-BB36-9324FD9431CE}
	EndGlobalSection
EndGlobal
